version = 1
revision = 3
requires-python = ">=3.12"

[manifest]
members = [
    "high-throughput-payment-ingestion-rail",
    "payment-ingestion-rail",
]

[[package]]
name = "high-throughput-payment-ingestion-rail"
version = "0.1.0"
source = { virtual = "." }

[[package]]
name = "payment-ingestion-rail"
version = "0.1.0"
source = { virtual = "payment-ingestion-rail" }
